Microsoft Visual Studio Solution File, Format Version 12.00
# Visual Studio Version 17
VisualStudioVersion = 17.5.2.0
MinimumVisualStudioVersion = 10.0.40219.1
Project("{FAE04EC0-301F-11D3-BF4B-00C04F79EFBC}") = "BookCar.Api", "BookCar.Api\BookCar.Api.csproj", "{17579606-34EB-19C2-42FC-8F9BAF1484D0}"
EndProject
Project("{FAE04EC0-301F-11D3-BF4B-00C04F79EFBC}") = "BookCar.Application", "BookCar.Application\BookCar.Application.csproj", "{2B547A94-D575-26E5-BCDA-92D013F3CF07}"
EndProject
Project("{FAE04EC0-301F-11D3-BF4B-00C04F79EFBC}") = "BookCar.Domain", "BookCar.Domain\BookCar.Domain.csproj", "{6AFCEF01-01A3-27FE-A180-5ECF9F401AC2}"
EndProject
Project("{FAE04EC0-301F-11D3-BF4B-00C04F79EFBC}") = "BookCar.Infrastructure", "BookCar.Infrastructure\BookCar.Infrastructure.csproj", "{7532A980-63AB-A9E3-311A-892E1D3E347C}"
EndProject
Project("{FAE04EC0-301F-11D3-BF4B-00C04F79EFBC}") = "BookCar.Presentation", "BookCar.Presentation\BookCar.Presentation.csproj", "{37B6DBA3-DFE8-289B-B2C0-4B282E2266AB}"
EndProject
Global
	GlobalSection(SolutionConfigurationPlatforms) = preSolution
		Debug|Any CPU = Debug|Any CPU
		Release|Any CPU = Release|Any CPU
	EndGlobalSection
	GlobalSection(ProjectConfigurationPlatforms) = postSolution
		{17579606-34EB-19C2-42FC-8F9BAF1484D0}.Debug|Any CPU.ActiveCfg = Debug|Any CPU
		{17579606-34EB-19C2-42FC-8F9BAF1484D0}.Debug|Any CPU.Build.0 = Debug|Any CPU
		{17579606-34EB-19C2-42FC-8F9BAF1484D0}.Release|Any CPU.ActiveCfg = Release|Any CPU
		{17579606-34EB-19C2-42FC-8F9BAF1484D0}.Release|Any CPU.Build.0 = Release|Any CPU
		{2B547A94-D575-26E5-BCDA-92D013F3CF07}.Debug|Any CPU.ActiveCfg = Debug|Any CPU
		{2B547A94-D575-26E5-BCDA-92D013F3CF07}.Debug|Any CPU.Build.0 = Debug|Any CPU
		{2B547A94-D575-26E5-BCDA-92D013F3CF07}.Release|Any CPU.ActiveCfg = Release|Any CPU
		{2B547A94-D575-26E5-BCDA-92D013F3CF07}.Release|Any CPU.Build.0 = Release|Any CPU
		{6AFCEF01-01A3-27FE-A180-5ECF9F401AC2}.Debug|Any CPU.ActiveCfg = Debug|Any CPU
		{6AFCEF01-01A3-27FE-A180-5ECF9F401AC2}.Debug|Any CPU.Build.0 = Debug|Any CPU
		{6AFCEF01-01A3-27FE-A180-5ECF9F401AC2}.Release|Any CPU.ActiveCfg = Release|Any CPU
		{6AFCEF01-01A3-27FE-A180-5ECF9F401AC2}.Release|Any CPU.Build.0 = Release|Any CPU
		{7532A980-63AB-A9E3-311A-892E1D3E347C}.Debug|Any CPU.ActiveCfg = Debug|Any CPU
		{7532A980-63AB-A9E3-311A-892E1D3E347C}.Debug|Any CPU.Build.0 = Debug|Any CPU
		{7532A980-63AB-A9E3-311A-892E1D3E347C}.Release|Any CPU.ActiveCfg = Release|Any CPU
		{7532A980-63AB-A9E3-311A-892E1D3E347C}.Release|Any CPU.Build.0 = Release|Any CPU
		{37B6DBA3-DFE8-289B-B2C0-4B282E2266AB}.Debug|Any CPU.ActiveCfg = Debug|Any CPU
		{37B6DBA3-DFE8-289B-B2C0-4B282E2266AB}.Debug|Any CPU.Build.0 = Debug|Any CPU
		{37B6DBA3-DFE8-289B-B2C0-4B282E2266AB}.Release|Any CPU.ActiveCfg = Release|Any CPU
		{37B6DBA3-DFE8-289B-B2C0-4B282E2266AB}.Release|Any CPU.Build.0 = Release|Any CPU
	EndGlobalSection
	GlobalSection(SolutionProperties) = preSolution
		HideSolutionNode = FALSE
	EndGlobalSection
	GlobalSection(ExtensibilityGlobals) = postSolution
		SolutionGuid = {432FADAA-053D-4756-96CA-531CBC11CCDB}
	EndGlobalSection
EndGlobal
